
Microsoft Visual Studio Solution File, Format Version 12.00
Project("{FAE04EC0-301F-11D3-BF4B-00C04F79EFBC}") = "calc6", "calc6\calc6.csproj", "{5733CF43-0E89-46E3-8F49-9A6DA506919D}"
EndProject
Global
	GlobalSection(SolutionConfigurationPlatforms) = preSolution
		Debug|Any CPU = Debug|Any CPU
		Release|Any CPU = Release|Any CPU
	EndGlobalSection
	GlobalSection(ProjectConfigurationPlatforms) = postSolution
		{5733CF43-0E89-46E3-8F49-9A6DA506919D}.Debug|Any CPU.ActiveCfg = Debug|Any CPU
		{5733CF43-0E89-46E3-8F49-9A6DA506919D}.Debug|Any CPU.Build.0 = Debug|Any CPU
		{5733CF43-0E89-46E3-8F49-9A6DA506919D}.Release|Any CPU.ActiveCfg = Release|Any CPU
		{5733CF43-0E89-46E3-8F49-9A6DA506919D}.Release|Any CPU.Build.0 = Release|Any CPU
	EndGlobalSection
EndGlobal
